{
  "version": 4,
  "terraform_version": "1.13.5",
  "serial": 5,
  "lineage": "fe514059-da51-15c2-a4a4-94cda179d21c",
  "outputs": {},
  "resources": [
    {
      "module": "module.app",
      "mode": "managed",
      "type": "google_cloud_run_v2_service",
      "name": "default",
      "provider": "module.app.provider[\"registry.terraform.io/hashicorp/google\"]",
      "instances": [
        {
          "schema_version": 0,
          "attributes": {
            "annotations": {},
            "binary_authorization": [],
            "client": "",
            "client_version": "",
            "conditions": [
              {
                "execution_reason": "",
                "last_transition_time": "2025-11-18T03:11:25.338768Z",
                "message": "",
                "reason": "",
                "revision_reason": "",
                "severity": "",
                "state": "CONDITION_SUCCEEDED",
                "type": "RoutesReady"
              },
              {
                "execution_reason": "",
                "last_transition_time": "2025-11-18T03:11:13.985231Z",
                "message": "",
                "reason": "",
                "revision_reason": "",
                "severity": "",
                "state": "CONDITION_SUCCEEDED",
                "type": "ConfigurationsReady"
              }
            ],
            "create_time": "2025-10-01T01:29:52.189504Z",
            "creator": "jonathan.segura.vega@gmail.com",
            "custom_audiences": [],
            "delete_time": "",
            "description": "",
            "effective_annotations": {},
            "effective_labels": {},
            "etag": "\"CNDH78gGEKivoOEC/cHJvamVjdHMvdGlja2V0LWhvbWUtZGVtby9sb2NhdGlvbnMvdXMtY2VudHJhbDEvc2VydmljZXMvdGlja2V0aG9tZS1kZW1v\"",
            "expire_time": "",
            "generation": "27",
            "id": "projects/ticket-home-demo/locations/us-central1/services/tickethome-demo",
            "ingress": "INGRESS_TRAFFIC_INTERNAL_LOAD_BALANCER",
            "labels": {},
            "last_modifier": "jonathan.segura.vega@gmail.com",
            "latest_created_revision": "projects/ticket-home-demo/locations/us-central1/services/tickethome-demo/revisions/tickethome-demo-00027-4k2",
            "latest_ready_revision": "projects/ticket-home-demo/locations/us-central1/services/tickethome-demo/revisions/tickethome-demo-00027-4k2",
            "launch_stage": "GA",
            "location": "us-central1",
            "name": "tickethome-demo",
            "observed_generation": "27",
            "project": "ticket-home-demo",
            "reconciling": false,
            "template": [
              {
                "annotations": {
                  "client.knative.dev/nonce": "2025-11-18T18:03:50Z"
                },
                "containers": [
                  {
                    "args": [],
                    "command": [],
                    "depends_on": [],
                    "env": [
                      {
                        "name": "FLASK_ENV",
                        "value": "production",
                        "value_source": []
                      },
                      {
                        "name": "FLASK_DEBUG",
                        "value": "false",
                        "value_source": []
                      },
                      {
                        "name": "ENABLE_IAP",
                        "value": "true",
                        "value_source": []
                      },
                      {
                        "name": "ENVIRONMENT",
                        "value": "mhw",
                        "value_source": []
                      },
                      {
                        "name": "ENABLE_DEMO_LOGIN",
                        "value": "true",
                        "value_source": []
                      },
                      {
                        "name": "DATABASE_URL",
                        "value": "",
                        "value_source": [
                          {
                            "secret_key_ref": [
                              {
                                "secret": "mhw-database-url",
                                "version": "latest"
                              }
                            ]
                          }
                        ]
                      },
                      {
                        "name": "SECRET_KEY",
                        "value": "",
                        "value_source": [
                          {
                            "secret_key_ref": [
                              {
                                "secret": "mhw-secret-key",
                                "version": "latest"
                              }
                            ]
                          }
                        ]
                      },
                      {
                        "name": "SUPERUSER_EMAILS",
                        "value": "",
                        "value_source": [
                          {
                            "secret_key_ref": [
                              {
                                "secret": "mhw-superuser-emails",
                                "version": "latest"
                              }
                            ]
                          }
                        ]
                      }
                    ],
                    "image": "us-central1-docker.pkg.dev/ticket-home-demo/tickethome-repo/ticket-home:latest",
                    "liveness_probe": [],
                    "name": "",
                    "ports": [
                      {
                        "container_port": 8080,
                        "name": "http1"
                      }
                    ],
                    "resources": [
                      {
                        "cpu_idle": true,
                        "limits": {
                          "cpu": "2",
                          "memory": "1Gi"
                        },
                        "startup_cpu_boost": true
                      }
                    ],
                    "startup_probe": [
                      {
                        "failure_threshold": 1,
                        "grpc": [],
                        "http_get": [],
                        "initial_delay_seconds": 0,
                        "period_seconds": 240,
                        "tcp_socket": [
                          {
                            "port": 8080
                          }
                        ],
                        "timeout_seconds": 240
                      }
                    ],
                    "volume_mounts": [
                      {
                        "mount_path": "/cloudsql",
                        "name": "cloudsql"
                      }
                    ],
                    "working_dir": ""
                  }
                ],
                "encryption_key": "",
                "execution_environment": "",
                "labels": {},
                "max_instance_request_concurrency": 80,
                "revision": "",
                "scaling": [
                  {
                    "max_instance_count": 3,
                    "min_instance_count": 0
                  }
                ],
                "service_account": "tickethome-demo-sa@ticket-home-demo.iam.gserviceaccount.com",
                "session_affinity": false,
                "timeout": "900s",
                "volumes": [
                  {
                    "cloud_sql_instance": [
                      {
                        "instances": [
                          "ticket-home-demo:us-central1:tickethome-db"
                        ]
                      }
                    ],
                    "gcs": [],
                    "name": "cloudsql",
                    "nfs": [],
                    "secret": []
                  }
                ],
                "vpc_access": []
              }
            ],
            "terminal_condition": [
              {
                "execution_reason": "",
                "last_transition_time": "2025-11-18T03:11:25.384897Z",
                "message": "",
                "reason": "",
                "revision_reason": "",
                "severity": "",
                "state": "CONDITION_SUCCEEDED",
                "type": "Ready"
              }
            ],
            "terraform_labels": {},
            "timeouts": null,
            "traffic": [
              {
                "percent": 100,
                "revision": "",
                "tag": "",
                "type": "TRAFFIC_TARGET_ALLOCATION_TYPE_LATEST"
              }
            ],
            "traffic_statuses": [
              {
                "percent": 100,
                "revision": "",
                "tag": "",
                "type": "TRAFFIC_TARGET_ALLOCATION_TYPE_LATEST",
                "uri": ""
              }
            ],
            "uid": "ba79c77f-5212-4c90-b213-36036f6acdd7",
            "update_time": "2025-11-18T03:11:12.740825Z",
            "uri": "https://tickethome-demo-gkey6epc6q-uc.a.run.app"
          },
          "sensitive_attributes": [],
          "identity_schema_version": 0,
          "private": "eyJlMmJmYjczMC1lY2FhLTExZTYtOGY4OC0zNDM2M2JjN2M0YzAiOnsiY3JlYXRlIjoxMjAwMDAwMDAwMDAwLCJkZWxldGUiOjEyMDAwMDAwMDAwMDAsInVwZGF0ZSI6MTIwMDAwMDAwMDAwMH19"
        }
      ]
    }
  ],
  "check_results": null
}
